{
  "name": "capsule-cinema",
  "version": "2.0.0",
  "lockfileVersion": 3,
  "requires": true,
  "packages": {
    "": {
      "name": "capsule-cinema",
      "version": "2.0.0",
      "license": "Apache-2.0",
      "engines": {
        "node": ">=20.0.0"
      },
      "peerDependencies": {
        "@openclaw/skill-sdk": ">=2.1.0"
      },
      "peerDependenciesMeta": {
        "@openclaw/skill-sdk": {
          "optional": true
        }
      }
    }
  }
}
